// !$*UTF8*$!
{
	archiveVersion = 1;
	classes = {
	};
	objectVersion = 50;
	objects = {

/* Begin PBXBuildFile section */
		3DD4EB282625CF0000076F5C /* AppDelegate.swift in Sources */ = {isa = PBXBuildFile; fileRef = 3DD4EB272625CF0000076F5C /* AppDelegate.swift */; };
		3DD4EB2A2625CF0000076F5C /* SceneDelegate.swift in Sources */ = {isa = PBXBuildFile; fileRef = 3DD4EB292625CF0000076F5C /* SceneDelegate.swift */; };
		3DD4EB2C2625CF0000076F5C /* ViewController.swift in Sources */ = {isa = PBXBuildFile; fileRef = 3DD4EB2B2625CF0000076F5C /* ViewController.swift */; };
		3DD4EB2F2625CF0000076F5C /* Main.storyboard in Resources */ = {isa = PBXBuildFile; fileRef = 3DD4EB2D2625CF0000076F5C /* Main.storyboard */; };
		3DD4EB322625CF0000076F5C /* UnitXCTest.xcdatamodeld in Sources */ = {isa = PBXBuildFile; fileRef = 3DD4EB302625CF0000076F5C /* UnitXCTest.xcdatamodeld */; };
		3DD4EB342625CF0200076F5C /* Assets.xcassets in Resources */ = {isa = PBXBuildFile; fileRef = 3DD4EB332625CF0200076F5C /* Assets.xcassets */; };
		3DD4EB372625CF0200076F5C /* LaunchScreen.storyboard in Resources */ = {isa = PBXBuildFile; fileRef = 3DD4EB352625CF0200076F5C /* LaunchScreen.storyboard */; };
		3DD4EB592625D5CB00076F5C /* UnitXCTestTests.swift in Sources */ = {isa = PBXBuildFile; fileRef = 3DD4EB582625D5CB00076F5C /* UnitXCTestTests.swift */; };
		3DD4EB632625D63F00076F5C /* MathStuff.swift in Sources */ = {isa = PBXBuildFile; fileRef = 3DD4EB622625D63F00076F5C /* MathStuff.swift */; };
		3DD4EB662625D80D00076F5C /* MathStuff.swift in Sources */ = {isa = PBXBuildFile; fileRef = 3DD4EB622625D63F00076F5C /* MathStuff.swift */; };
		3DD4EB6A2625DB2C00076F5C /* OtherTests.swift in Sources */ = {isa = PBXBuildFile; fileRef = 3DD4EB692625DB2C00076F5C /* OtherTests.swift */; };
/* End PBXBuildFile section */

/* Begin PBXContainerItemProxy section */
		3DD4EB5B2625D5CB00076F5C /* PBXContainerItemProxy */ = {
			isa = PBXContainerItemProxy;
			containerPortal = 3DD4EB1C2625CF0000076F5C /* Project object */;
			proxyType = 1;
			remoteGlobalIDString = 3DD4EB232625CF0000076F5C;
			remoteInfo = UnitXCTest;
		};
/* End PBXContainerItemProxy section */

/* Begin PBXFileReference section */
		3DD4EB242625CF0000076F5C /* UnitXCTest.app */ = {isa = PBXFileReference; explicitFileType = wrapper.application; includeInIndex = 0; path = UnitXCTest.app; sourceTree = BUILT_PRODUCTS_DIR; };
		3DD4EB272625CF0000076F5C /* AppDelegate.swift */ = {isa = PBXFileReference; lastKnownFileType = sourcecode.swift; path = AppDelegate.swift; sourceTree = "<group>"; };
		3DD4EB292625CF0000076F5C /* SceneDelegate.swift */ = {isa = PBXFileReference; lastKnownFileType = sourcecode.swift; path = SceneDelegate.swift; sourceTree = "<group>"; };
		3DD4EB2B2625CF0000076F5C /* ViewController.swift */ = {isa = PBXFileReference; lastKnownFileType = sourcecode.swift; path = ViewController.swift; sourceTree = "<group>"; };
		3DD4EB2E2625CF0000076F5C /* Base */ = {isa = PBXFileReference; lastKnownFileType = file.storyboard; name = Base; path = Base.lproj/Main.storyboard; sourceTree = "<group>"; };
		3DD4EB312625CF0000076F5C /* UnitXCTest.xcdatamodel */ = {isa = PBXFileReference; lastKnownFileType = wrapper.xcdatamodel; path = UnitXCTest.xcdatamodel; sourceTree = "<group>"; };
		3DD4EB332625CF0200076F5C /* Assets.xcassets */ = {isa = PBXFileReference; lastKnownFileType = folder.assetcatalog; path = Assets.xcassets; sourceTree = "<group>"; };
		3DD4EB362625CF0200076F5C /* Base */ = {isa = PBXFileReference; lastKnownFileType = file.storyboard; name = Base; path = Base.lproj/LaunchScreen.storyboard; sourceTree = "<group>"; };
		3DD4EB382625CF0200076F5C /* Info.plist */ = {isa = PBXFileReference; lastKnownFileType = text.plist.xml; path = Info.plist; sourceTree = "<group>"; };
		3DD4EB562625D5CB00076F5C /* UnitXCTestTests.xctest */ = {isa = PBXFileReference; explicitFileType = wrapper.cfbundle; includeInIndex = 0; path = UnitXCTestTests.xctest; sourceTree = BUILT_PRODUCTS_DIR; };
		3DD4EB582625D5CB00076F5C /* UnitXCTestTests.swift */ = {isa = PBXFileReference; lastKnownFileType = sourcecode.swift; path = UnitXCTestTests.swift; sourceTree = "<group>"; };
		3DD4EB5A2625D5CB00076F5C /* Info.plist */ = {isa = PBXFileReference; lastKnownFileType = text.plist.xml; path = Info.plist; sourceTree = "<group>"; };
		3DD4EB622625D63F00076F5C /* MathStuff.swift */ = {isa = PBXFileReference; lastKnownFileType = sourcecode.swift; path = MathStuff.swift; sourceTree = "<group>"; };
		3DD4EB692625DB2C00076F5C /* OtherTests.swift */ = {isa = PBXFileReference; lastKnownFileType = sourcecode.swift; path = OtherTests.swift; sourceTree = "<group>"; };
/* End PBXFileReference section */

/* Begin PBXFrameworksBuildPhase section */
		3DD4EB212625CF0000076F5C /* Frameworks */ = {
			isa = PBXFrameworksBuildPhase;
			buildActionMask = 2147483647;
			files = (
			);
			runOnlyForDeploymentPostprocessing = 0;
		};
		3DD4EB532625D5CB00076F5C /* Frameworks */ = {
			isa = PBXFrameworksBuildPhase;
			buildActionMask = 2147483647;
			files = (
			);
			runOnlyForDeploymentPostprocessing = 0;
		};
/* End PBXFrameworksBuildPhase section */

/* Begin PBXGroup section */
		3DD4EB1B2625CF0000076F5C = {
			isa = PBXGroup;
			children = (
				3DD4EB262625CF0000076F5C /* UnitXCTest */,
				3DD4EB572625D5CB00076F5C /* UnitXCTestTests */,
				3DD4EB252625CF0000076F5C /* Products */,
			);
			sourceTree = "<group>";
		};
		3DD4EB252625CF0000076F5C /* Products */ = {
			isa = PBXGroup;
			children = (
				3DD4EB242625CF0000076F5C /* UnitXCTest.app */,
				3DD4EB562625D5CB00076F5C /* UnitXCTestTests.xctest */,
			);
			name = Products;
			sourceTree = "<group>";
		};
		3DD4EB262625CF0000076F5C /* UnitXCTest */ = {
			isa = PBXGroup;
			children = (
				3DD4EB272625CF0000076F5C /* AppDelegate.swift */,
				3DD4EB292625CF0000076F5C /* SceneDelegate.swift */,
				3DD4EB2B2625CF0000076F5C /* ViewController.swift */,
				3DD4EB2D2625CF0000076F5C /* Main.storyboard */,
				3DD4EB332625CF0200076F5C /* Assets.xcassets */,
				3DD4EB352625CF0200076F5C /* LaunchScreen.storyboard */,
				3DD4EB382625CF0200076F5C /* Info.plist */,
				3DD4EB302625CF0000076F5C /* UnitXCTest.xcdatamodeld */,
				3DD4EB622625D63F00076F5C /* MathStuff.swift */,
			);
			path = UnitXCTest;
			sourceTree = "<group>";
		};
		3DD4EB572625D5CB00076F5C /* UnitXCTestTests */ = {
			isa = PBXGroup;
			children = (
				3DD4EB582625D5CB00076F5C /* UnitXCTestTests.swift */,
				3DD4EB5A2625D5CB00076F5C /* Info.plist */,
				3DD4EB692625DB2C00076F5C /* OtherTests.swift */,
			);
			path = UnitXCTestTests;
			sourceTree = "<group>";
		};
/* End PBXGroup section */

/* Begin PBXNativeTarget section */
		3DD4EB232625CF0000076F5C /* UnitXCTest */ = {
			isa = PBXNativeTarget;
			buildConfigurationList = 3DD4EB3B2625CF0200076F5C /* Build configuration list for PBXNativeTarget "UnitXCTest" */;
			buildPhases = (
				3DD4EB202625CF0000076F5C /* Sources */,
				3DD4EB212625CF0000076F5C /* Frameworks */,
				3DD4EB222625CF0000076F5C /* Resources */,
			);
			buildRules = (
			);
			dependencies = (
			);
			name = UnitXCTest;
			productName = UnitXCTest;
			productReference = 3DD4EB242625CF0000076F5C /* UnitXCTest.app */;
			productType = "com.apple.product-type.application";
		};
		3DD4EB552625D5CB00076F5C /* UnitXCTestTests */ = {
			isa = PBXNativeTarget;
			buildConfigurationList = 3DD4EB5F2625D5CB00076F5C /* Build configuration list for PBXNativeTarget "UnitXCTestTests" */;
			buildPhases = (
				3DD4EB522625D5CB00076F5C /* Sources */,
				3DD4EB532625D5CB00076F5C /* Frameworks */,
				3DD4EB542625D5CB00076F5C /* Resources */,
			);
			buildRules = (
			);
			dependencies = (
				3DD4EB5C2625D5CB00076F5C /* PBXTargetDependency */,
			);
			name = UnitXCTestTests;
			productName = UnitXCTestTests;
			productReference = 3DD4EB562625D5CB00076F5C /* UnitXCTestTests.xctest */;
			productType = "com.apple.product-type.bundle.unit-test";
		};
/* End PBXNativeTarget section */

/* Begin PBXProject section */
		3DD4EB1C2625CF0000076F5C /* Project object */ = {
			isa = PBXProject;
			attributes = {
				LastSwiftUpdateCheck = 1240;
				LastUpgradeCheck = 1240;
				TargetAttributes = {
					3DD4EB232625CF0000076F5C = {
						CreatedOnToolsVersion = 12.4;
					};
					3DD4EB552625D5CB00076F5C = {
						CreatedOnToolsVersion = 12.4;
						TestTargetID = 3DD4EB232625CF0000076F5C;
					};
				};
			};
			buildConfigurationList = 3DD4EB1F2625CF0000076F5C /* Build configuration list for PBXProject "UnitXCTest" */;
			compatibilityVersion = "Xcode 9.3";
			developmentRegion = en;
			hasScannedForEncodings = 0;
			knownRegions = (
				en,
				Base,
			);
			mainGroup = 3DD4EB1B2625CF0000076F5C;
			productRefGroup = 3DD4EB252625CF0000076F5C /* Products */;
			projectDirPath = "";
			projectRoot = "";
			targets = (
				3DD4EB232625CF0000076F5C /* UnitXCTest */,
				3DD4EB552625D5CB00076F5C /* UnitXCTestTests */,
			);
		};
/* End PBXProject section */

/* Begin PBXResourcesBuildPhase section */
		3DD4EB222625CF0000076F5C /* Resources */ = {
			isa = PBXResourcesBuildPhase;
			buildActionMask = 2147483647;
			files = (
				3DD4EB372625CF0200076F5C /* LaunchScreen.storyboard in Resources */,
				3DD4EB342625CF0200076F5C /* Assets.xcassets in Resources */,
				3DD4EB2F2625CF0000076F5C /* Main.storyboard in Resources */,
			);
			runOnlyForDeploymentPostprocessing = 0;
		};
		3DD4EB542625D5CB00076F5C /* Resources */ = {
			isa = PBXResourcesBuildPhase;
			buildActionMask = 2147483647;
			files = (
			);
			runOnlyForDeploymentPostprocessing = 0;
		};
/* End PBXResourcesBuildPhase section */

/* Begin PBXSourcesBuildPhase section */
		3DD4EB202625CF0000076F5C /* Sources */ = {
			isa = PBXSourcesBuildPhase;
			buildActionMask = 2147483647;
			files = (
				3DD4EB2C2625CF0000076F5C /* ViewController.swift in Sources */,
				3DD4EB632625D63F00076F5C /* MathStuff.swift in Sources */,
				3DD4EB282625CF0000076F5C /* AppDelegate.swift in Sources */,
				3DD4EB322625CF0000076F5C /* UnitXCTest.xcdatamodeld in Sources */,
				3DD4EB2A2625CF0000076F5C /* SceneDelegate.swift in Sources */,
			);
			runOnlyForDeploymentPostprocessing = 0;
		};
		3DD4EB522625D5CB00076F5C /* Sources */ = {
			isa = PBXSourcesBuildPhase;
			buildActionMask = 2147483647;
			files = (
				3DD4EB6A2625DB2C00076F5C /* OtherTests.swift in Sources */,
				3DD4EB662625D80D00076F5C /* MathStuff.swift in Sources */,
				3DD4EB592625D5CB00076F5C /* UnitXCTestTests.swift in Sources */,
			);
			runOnlyForDeploymentPostprocessing = 0;
		};
/* End PBXSourcesBuildPhase section */

/* Begin PBXTargetDependency section */
		3DD4EB5C2625D5CB00076F5C /* PBXTargetDependency */ = {
			isa = PBXTargetDependency;
			target = 3DD4EB232625CF0000076F5C /* UnitXCTest */;
			targetProxy = 3DD4EB5B2625D5CB00076F5C /* PBXContainerItemProxy */;
		};
/* End PBXTargetDependency section */

/* Begin PBXVariantGroup section */
		3DD4EB2D2625CF0000076F5C /* Main.storyboard */ = {
			isa = PBXVariantGroup;
			children = (
				3DD4EB2E2625CF0000076F5C /* Base */,
			);
			name = Main.storyboard;
			sourceTree = "<group>";
		};
		3DD4EB352625CF0200076F5C /* LaunchScreen.storyboard */ = {
			isa = PBXVariantGroup;
			children = (
				3DD4EB362625CF0200076F5C /* Base */,
			);
			name = LaunchScreen.storyboard;
			sourceTree = "<group>";
		};
/* End PBXVariantGroup section */

/* Begin XCBuildConfiguration section */
		3DD4EB392625CF0200076F5C /* Debug */ = {
			isa = XCBuildConfiguration;
			buildSettings = {
				ALWAYS_SEARCH_USER_PATHS = NO;
				CLANG_ANALYZER_NONNULL = YES;
				CLANG_ANALYZER_NUMBER_OBJECT_CONVERSION = YES_AGGRESSIVE;
				CLANG_CXX_LANGUAGE_STANDARD = "gnu++14";
				CLANG_CXX_LIBRARY = "libc++";
				CLANG_ENABLE_MODULES = YES;
				CLANG_ENABLE_OBJC_ARC = YES;
				CLANG_ENABLE_OBJC_WEAK = YES;
				CLANG_WARN_BLOCK_CAPTURE_AUTORELEASING = YES;
				CLANG_WARN_BOOL_CONVERSION = YES;
				CLANG_WARN_COMMA = YES;
				CLANG_WARN_CONSTANT_CONVERSION = YES;
				CLANG_WARN_DEPRECATED_OBJC_IMPLEMENTATIONS = YES;
				CLANG_WARN_DIRECT_OBJC_ISA_USAGE = YES_ERROR;
				CLANG_WARN_DOCUMENTATION_COMMENTS = YES;
				CLANG_WARN_EMPTY_BODY = YES;
				CLANG_WARN_ENUM_CONVERSION = YES;
				CLANG_WARN_INFINITE_RECURSION = YES;
				CLANG_WARN_INT_CONVERSION = YES;
				CLANG_WARN_NON_LITERAL_NULL_CONVERSION = YES;
				CLANG_WARN_OBJC_IMPLICIT_RETAIN_SELF = YES;
				CLANG_WARN_OBJC_LITERAL_CONVERSION = YES;
				CLANG_WARN_OBJC_ROOT_CLASS = YES_ERROR;
				CLANG_WARN_QUOTED_INCLUDE_IN_FRAMEWORK_HEADER = YES;
				CLANG_WARN_RANGE_LOOP_ANALYSIS = YES;
				CLANG_WARN_STRICT_PROTOTYPES = YES;
				CLANG_WARN_SUSPICIOUS_MOVE = YES;
				CLANG_WARN_UNGUARDED_AVAILABILITY = YES_AGGRESSIVE;
				CLANG_WARN_UNREACHABLE_CODE = YES;
				CLANG_WARN__DUPLICATE_METHOD_MATCH = YES;
				COPY_PHASE_STRIP = NO;
				DEBUG_INFORMATION_FORMAT = dwarf;
				ENABLE_STRICT_OBJC_MSGSEND = YES;
				ENABLE_TESTABILITY = YES;
				GCC_C_LANGUAGE_STANDARD = gnu11;
				GCC_DYNAMIC_NO_PIC = NO;
				GCC_NO_COMMON_BLOCKS = YES;
				GCC_OPTIMIZATION_LEVEL = 0;
				GCC_PREPROCESSOR_DEFINITIONS = (
					"DEBUG=1",
					"$(inherited)",
				);
				GCC_WARN_64_TO_32_BIT_CONVERSION = YES;
				GCC_WARN_ABOUT_RETURN_TYPE = YES_ERROR;
				GCC_WARN_UNDECLARED_SELECTOR = YES;
				GCC_WARN_UNINITIALIZED_AUTOS = YES_AGGRESSIVE;
				GCC_WARN_UNUSED_FUNCTION = YES;
				GCC_WARN_UNUSED_VARIABLE = YES;
				IPHONEOS_DEPLOYMENT_TARGET = 14.4;
				MTL_ENABLE_DEBUG_INFO = INCLUDE_SOURCE;
				MTL_FAST_MATH = YES;
				ONLY_ACTIVE_ARCH = YES;
				SDKROOT = iphoneos;
				SWIFT_ACTIVE_COMPILATION_CONDITIONS = DEBUG;
				SWIFT_OPTIMIZATION_LEVEL = "-Onone";
			};
			name = Debug;
		};
		3DD4EB3A2625CF0200076F5C /* Release */ = {
			isa = XCBuildConfiguration;
			buildSettings = {
				ALWAYS_SEARCH_USER_PATHS = NO;
				CLANG_ANALYZER_NONNULL = YES;
				CLANG_ANALYZER_NUMBER_OBJECT_CONVERSION = YES_AGGRESSIVE;
				CLANG_CXX_LANGUAGE_STANDARD = "gnu++14";
				CLANG_CXX_LIBRARY = "libc++";
				CLANG_ENABLE_MODULES = YES;
				CLANG_ENABLE_OBJC_ARC = YES;
				CLANG_ENABLE_OBJC_WEAK = YES;
				CLANG_WARN_BLOCK_CAPTURE_AUTORELEASING = YES;
				CLANG_WARN_BOOL_CONVERSION = YES;
				CLANG_WARN_COMMA = YES;
				CLANG_WARN_CONSTANT_CONVERSION = YES;
				CLANG_WARN_DEPRECATED_OBJC_IMPLEMENTATIONS = YES;
				CLANG_WARN_DIRECT_OBJC_ISA_USAGE = YES_ERROR;
				CLANG_WARN_DOCUMENTATION_COMMENTS = YES;
				CLANG_WARN_EMPTY_BODY = YES;
				CLANG_WARN_ENUM_CONVERSION = YES;
				CLANG_WARN_INFINITE_RECURSION = YES;
				CLANG_WARN_INT_CONVERSION = YES;
				CLANG_WARN_NON_LITERAL_NULL_CONVERSION = YES;
				CLANG_WARN_OBJC_IMPLICIT_RETAIN_SELF = YES;
				CLANG_WARN_OBJC_LITERAL_CONVERSION = YES;
				CLANG_WARN_OBJC_ROOT_CLASS = YES_ERROR;
				CLANG_WARN_QUOTED_INCLUDE_IN_FRAMEWORK_HEADER = YES;
				CLANG_WARN_RANGE_LOOP_ANALYSIS = YES;
				CLANG_WARN_STRICT_PROTOTYPES = YES;
				CLANG_WARN_SUSPICIOUS_MOVE = YES;
				CLANG_WARN_UNGUARDED_AVAILABILITY = YES_AGGRESSIVE;
				CLANG_WARN_UNREACHABLE_CODE = YES;
				CLANG_WARN__DUPLICATE_METHOD_MATCH = YES;
				COPY_PHASE_STRIP = NO;
				DEBUG_INFORMATION_FORMAT = "dwarf-with-dsym";
				ENABLE_NS_ASSERTIONS = NO;
				ENABLE_STRICT_OBJC_MSGSEND = YES;
				GCC_C_LANGUAGE_STANDARD = gnu11;
				GCC_NO_COMMON_BLOCKS = YES;
				GCC_WARN_64_TO_32_BIT_CONVERSION = YES;
				GCC_WARN_ABOUT_RETURN_TYPE = YES_ERROR;
				GCC_WARN_UNDECLARED_SELECTOR = YES;
				GCC_WARN_UNINITIALIZED_AUTOS = YES_AGGRESSIVE;
				GCC_WARN_UNUSED_FUNCTION = YES;
				GCC_WARN_UNUSED_VARIABLE = YES;
				IPHONEOS_DEPLOYMENT_TARGET = 14.4;
				MTL_ENABLE_DEBUG_INFO = NO;
				MTL_FAST_MATH = YES;
				SDKROOT = iphoneos;
				SWIFT_COMPILATION_MODE = wholemodule;
				SWIFT_OPTIMIZATION_LEVEL = "-O";
				VALIDATE_PRODUCT = YES;
			};
			name = Release;
		};
		3DD4EB3C2625CF0200076F5C /* Debug */ = {
			isa = XCBuildConfiguration;
			buildSettings = {
				ASSETCATALOG_COMPILER_APPICON_NAME = AppIcon;
				ASSETCATALOG_COMPILER_GLOBAL_ACCENT_COLOR_NAME = AccentColor;
				CODE_SIGN_STYLE = Automatic;
				DEVELOPMENT_TEAM = YUHDTGAY33;
				INFOPLIST_FILE = UnitXCTest/Info.plist;
				LD_RUNPATH_SEARCH_PATHS = (
					"$(inherited)",
					"@executable_path/Frameworks",
				);
				PRODUCT_BUNDLE_IDENTIFIER = hongjeongseob.UnitXCTest;
				PRODUCT_NAME = "$(TARGET_NAME)";
				SWIFT_VERSION = 5.0;
				TARGETED_DEVICE_FAMILY = "1,2";
			};
			name = Debug;
		};
		3DD4EB3D2625CF0200076F5C /* Release */ = {
			isa = XCBuildConfiguration;
			buildSettings = {
				ASSETCATALOG_COMPILER_APPICON_NAME = AppIcon;
				ASSETCATALOG_COMPILER_GLOBAL_ACCENT_COLOR_NAME = AccentColor;
				CODE_SIGN_STYLE = Automatic;
				DEVELOPMENT_TEAM = YUHDTGAY33;
				INFOPLIST_FILE = UnitXCTest/Info.plist;
				LD_RUNPATH_SEARCH_PATHS = (
					"$(inherited)",
					"@executable_path/Frameworks",
				);
				PRODUCT_BUNDLE_IDENTIFIER = hongjeongseob.UnitXCTest;
				PRODUCT_NAME = "$(TARGET_NAME)";
				SWIFT_VERSION = 5.0;
				TARGETED_DEVICE_FAMILY = "1,2";
			};
			name = Release;
		};
		3DD4EB5D2625D5CB00076F5C /* Debug */ = {
			isa = XCBuildConfiguration;
			buildSettings = {
				BUNDLE_LOADER = "$(TEST_HOST)";
				CODE_SIGN_STYLE = Automatic;
				DEVELOPMENT_TEAM = YUHDTGAY33;
				INFOPLIST_FILE = UnitXCTestTests/Info.plist;
				LD_RUNPATH_SEARCH_PATHS = (
					"$(inherited)",
					"@executable_path/Frameworks",
					"@loader_path/Frameworks",
				);
				PRODUCT_BUNDLE_IDENTIFIER = hongjeongseob.UnitXCTestTests;
				PRODUCT_NAME = "$(TARGET_NAME)";
				SWIFT_VERSION = 5.0;
				TARGETED_DEVICE_FAMILY = "1,2";
				TEST_HOST = "$(BUILT_PRODUCTS_DIR)/UnitXCTest.app/UnitXCTest";
			};
			name = Debug;
		};
		3DD4EB5E2625D5CB00076F5C /* Release */ = {
			isa = XCBuildConfiguration;
			buildSettings = {
				BUNDLE_LOADER = "$(TEST_HOST)";
				CODE_SIGN_STYLE = Automatic;
				DEVELOPMENT_TEAM = YUHDTGAY33;
				INFOPLIST_FILE = UnitXCTestTests/Info.plist;
				LD_RUNPATH_SEARCH_PATHS = (
					"$(inherited)",
					"@executable_path/Frameworks",
					"@loader_path/Frameworks",
				);
				PRODUCT_BUNDLE_IDENTIFIER = hongjeongseob.UnitXCTestTests;
				PRODUCT_NAME = "$(TARGET_NAME)";
				SWIFT_VERSION = 5.0;
				TARGETED_DEVICE_FAMILY = "1,2";
				TEST_HOST = "$(BUILT_PRODUCTS_DIR)/UnitXCTest.app/UnitXCTest";
			};
			name = Release;
		};
/* End XCBuildConfiguration section */

/* Begin XCConfigurationList section */
		3DD4EB1F2625CF0000076F5C /* Build configuration list for PBXProject "UnitXCTest" */ = {
			isa = XCConfigurationList;
			buildConfigurations = (
				3DD4EB392625CF0200076F5C /* Debug */,
				3DD4EB3A2625CF0200076F5C /* Release */,
			);
			defaultConfigurationIsVisible = 0;
			defaultConfigurationName = Release;
		};
		3DD4EB3B2625CF0200076F5C /* Build configuration list for PBXNativeTarget "UnitXCTest" */ = {
			isa = XCConfigurationList;
			buildConfigurations = (
				3DD4EB3C2625CF0200076F5C /* Debug */,
				3DD4EB3D2625CF0200076F5C /* Release */,
			);
			defaultConfigurationIsVisible = 0;
			defaultConfigurationName = Release;
		};
		3DD4EB5F2625D5CB00076F5C /* Build configuration list for PBXNativeTarget "UnitXCTestTests" */ = {
			isa = XCConfigurationList;
			buildConfigurations = (
				3DD4EB5D2625D5CB00076F5C /* Debug */,
				3DD4EB5E2625D5CB00076F5C /* Release */,
			);
			defaultConfigurationIsVisible = 0;
			defaultConfigurationName = Release;
		};
/* End XCConfigurationList section */

/* Begin XCVersionGroup section */
		3DD4EB302625CF0000076F5C /* UnitXCTest.xcdatamodeld */ = {
			isa = XCVersionGroup;
			children = (
				3DD4EB312625CF0000076F5C /* UnitXCTest.xcdatamodel */,
			);
			currentVersion = 3DD4EB312625CF0000076F5C /* UnitXCTest.xcdatamodel */;
			path = UnitXCTest.xcdatamodeld;
			sourceTree = "<group>";
			versionGroupType = wrapper.xcdatamodel;
		};
/* End XCVersionGroup section */
	};
	rootObject = 3DD4EB1C2625CF0000076F5C /* Project object */;
}
