// !$*UTF8*$!
{
	archiveVersion = 1;
	classes = {
	};
	objectVersion = 50;
	objects = {

/* Begin PBXBuildFile section */
		3D007A712653F0A500448A33 /* APICaller.swift in Sources */ = {isa = PBXBuildFile; fileRef = 3D007A702653F0A500448A33 /* APICaller.swift */; };
		3D007A742653F1BC00448A33 /* CarouselCollectionTableViewController.swift in Sources */ = {isa = PBXBuildFile; fileRef = 3D007A732653F1BC00448A33 /* CarouselCollectionTableViewController.swift */; };
		3D007A762653F32B00448A33 /* CarouselCollectionTableViewCell.swift in Sources */ = {isa = PBXBuildFile; fileRef = 3D007A752653F32B00448A33 /* CarouselCollectionTableViewCell.swift */; };
		3D007A782653F4CB00448A33 /* TitleCollectionViewCell.swift in Sources */ = {isa = PBXBuildFile; fileRef = 3D007A772653F4CB00448A33 /* TitleCollectionViewCell.swift */; };
		3D3D75772657DA92005800D1 /* HeaderViewController.swift in Sources */ = {isa = PBXBuildFile; fileRef = 3D3D75762657DA92005800D1 /* HeaderViewController.swift */; };
		3D6D5A26263D9CDD00CB2443 /* AppDelegate.swift in Sources */ = {isa = PBXBuildFile; fileRef = 3D6D5A25263D9CDD00CB2443 /* AppDelegate.swift */; };
		3D6D5A28263D9CDD00CB2443 /* SceneDelegate.swift in Sources */ = {isa = PBXBuildFile; fileRef = 3D6D5A27263D9CDD00CB2443 /* SceneDelegate.swift */; };
		3D6D5A2A263D9CDD00CB2443 /* ViewController.swift in Sources */ = {isa = PBXBuildFile; fileRef = 3D6D5A29263D9CDD00CB2443 /* ViewController.swift */; };
		3D6D5A2D263D9CDD00CB2443 /* Main.storyboard in Resources */ = {isa = PBXBuildFile; fileRef = 3D6D5A2B263D9CDD00CB2443 /* Main.storyboard */; };
		3D6D5A2F263D9CDE00CB2443 /* Assets.xcassets in Resources */ = {isa = PBXBuildFile; fileRef = 3D6D5A2E263D9CDE00CB2443 /* Assets.xcassets */; };
		3D6D5A32263D9CDE00CB2443 /* LaunchScreen.storyboard in Resources */ = {isa = PBXBuildFile; fileRef = 3D6D5A30263D9CDE00CB2443 /* LaunchScreen.storyboard */; };
		3D6D5A3E263DA27200CB2443 /* SwipeActionViewController.swift in Sources */ = {isa = PBXBuildFile; fileRef = 3D6D5A3D263DA27200CB2443 /* SwipeActionViewController.swift */; };
		3D6D5A40263DA5F300CB2443 /* CellRoundCornerViewController.swift in Sources */ = {isa = PBXBuildFile; fileRef = 3D6D5A3F263DA5F300CB2443 /* CellRoundCornerViewController.swift */; };
		3D6D5A42263DA6B700CB2443 /* MoveAndDeleteCellViewController.swift in Sources */ = {isa = PBXBuildFile; fileRef = 3D6D5A41263DA6B700CB2443 /* MoveAndDeleteCellViewController.swift */; };
		3D6D5A44263DA6C400CB2443 /* PaginationViewController.swift in Sources */ = {isa = PBXBuildFile; fileRef = 3D6D5A43263DA6C400CB2443 /* PaginationViewController.swift */; };
		3D6D5A48263DAD8000CB2443 /* Model.swift in Sources */ = {isa = PBXBuildFile; fileRef = 3D6D5A47263DAD8000CB2443 /* Model.swift */; };
/* End PBXBuildFile section */

/* Begin PBXFileReference section */
		3D007A702653F0A500448A33 /* APICaller.swift */ = {isa = PBXFileReference; lastKnownFileType = sourcecode.swift; path = APICaller.swift; sourceTree = "<group>"; };
		3D007A732653F1BC00448A33 /* CarouselCollectionTableViewController.swift */ = {isa = PBXFileReference; lastKnownFileType = sourcecode.swift; path = CarouselCollectionTableViewController.swift; sourceTree = "<group>"; };
		3D007A752653F32B00448A33 /* CarouselCollectionTableViewCell.swift */ = {isa = PBXFileReference; lastKnownFileType = sourcecode.swift; path = CarouselCollectionTableViewCell.swift; sourceTree = "<group>"; };
		3D007A772653F4CB00448A33 /* TitleCollectionViewCell.swift */ = {isa = PBXFileReference; lastKnownFileType = sourcecode.swift; path = TitleCollectionViewCell.swift; sourceTree = "<group>"; };
		3D3D75762657DA92005800D1 /* HeaderViewController.swift */ = {isa = PBXFileReference; lastKnownFileType = sourcecode.swift; path = HeaderViewController.swift; sourceTree = "<group>"; };
		3D6D5A22263D9CDD00CB2443 /* TableViewPractice.app */ = {isa = PBXFileReference; explicitFileType = wrapper.application; includeInIndex = 0; path = TableViewPractice.app; sourceTree = BUILT_PRODUCTS_DIR; };
		3D6D5A25263D9CDD00CB2443 /* AppDelegate.swift */ = {isa = PBXFileReference; lastKnownFileType = sourcecode.swift; path = AppDelegate.swift; sourceTree = "<group>"; };
		3D6D5A27263D9CDD00CB2443 /* SceneDelegate.swift */ = {isa = PBXFileReference; lastKnownFileType = sourcecode.swift; path = SceneDelegate.swift; sourceTree = "<group>"; };
		3D6D5A29263D9CDD00CB2443 /* ViewController.swift */ = {isa = PBXFileReference; lastKnownFileType = sourcecode.swift; path = ViewController.swift; sourceTree = "<group>"; };
		3D6D5A2C263D9CDD00CB2443 /* Base */ = {isa = PBXFileReference; lastKnownFileType = file.storyboard; name = Base; path = Base.lproj/Main.storyboard; sourceTree = "<group>"; };
		3D6D5A2E263D9CDE00CB2443 /* Assets.xcassets */ = {isa = PBXFileReference; lastKnownFileType = folder.assetcatalog; path = Assets.xcassets; sourceTree = "<group>"; };
		3D6D5A31263D9CDE00CB2443 /* Base */ = {isa = PBXFileReference; lastKnownFileType = file.storyboard; name = Base; path = Base.lproj/LaunchScreen.storyboard; sourceTree = "<group>"; };
		3D6D5A33263D9CDE00CB2443 /* Info.plist */ = {isa = PBXFileReference; lastKnownFileType = text.plist.xml; path = Info.plist; sourceTree = "<group>"; };
		3D6D5A3D263DA27200CB2443 /* SwipeActionViewController.swift */ = {isa = PBXFileReference; lastKnownFileType = sourcecode.swift; path = SwipeActionViewController.swift; sourceTree = "<group>"; };
		3D6D5A3F263DA5F300CB2443 /* CellRoundCornerViewController.swift */ = {isa = PBXFileReference; lastKnownFileType = sourcecode.swift; path = CellRoundCornerViewController.swift; sourceTree = "<group>"; };
		3D6D5A41263DA6B700CB2443 /* MoveAndDeleteCellViewController.swift */ = {isa = PBXFileReference; lastKnownFileType = sourcecode.swift; path = MoveAndDeleteCellViewController.swift; sourceTree = "<group>"; };
		3D6D5A43263DA6C400CB2443 /* PaginationViewController.swift */ = {isa = PBXFileReference; lastKnownFileType = sourcecode.swift; path = PaginationViewController.swift; sourceTree = "<group>"; };
		3D6D5A47263DAD8000CB2443 /* Model.swift */ = {isa = PBXFileReference; lastKnownFileType = sourcecode.swift; path = Model.swift; sourceTree = "<group>"; };
/* End PBXFileReference section */

/* Begin PBXFrameworksBuildPhase section */
		3D6D5A1F263D9CDD00CB2443 /* Frameworks */ = {
			isa = PBXFrameworksBuildPhase;
			buildActionMask = 2147483647;
			files = (
			);
			runOnlyForDeploymentPostprocessing = 0;
		};
/* End PBXFrameworksBuildPhase section */

/* Begin PBXGroup section */
		3D007A722653F15B00448A33 /* TableViewCarouselCollectionView */ = {
			isa = PBXGroup;
			children = (
				3D007A732653F1BC00448A33 /* CarouselCollectionTableViewController.swift */,
				3D007A752653F32B00448A33 /* CarouselCollectionTableViewCell.swift */,
				3D007A772653F4CB00448A33 /* TitleCollectionViewCell.swift */,
			);
			path = TableViewCarouselCollectionView;
			sourceTree = "<group>";
		};
		3D007A79265406DA00448A33 /* AppDelegate */ = {
			isa = PBXGroup;
			children = (
				3D6D5A25263D9CDD00CB2443 /* AppDelegate.swift */,
				3D6D5A27263D9CDD00CB2443 /* SceneDelegate.swift */,
			);
			path = AppDelegate;
			sourceTree = "<group>";
		};
		3D007A7A265406FD00448A33 /* Resource */ = {
			isa = PBXGroup;
			children = (
				3D6D5A2E263D9CDE00CB2443 /* Assets.xcassets */,
				3D6D5A30263D9CDE00CB2443 /* LaunchScreen.storyboard */,
			);
			path = Resource;
			sourceTree = "<group>";
		};
		3D3D75752657DA34005800D1 /* TableViewHeader */ = {
			isa = PBXGroup;
			children = (
				3D3D75762657DA92005800D1 /* HeaderViewController.swift */,
			);
			path = TableViewHeader;
			sourceTree = "<group>";
		};
		3D6D5A19263D9CDD00CB2443 = {
			isa = PBXGroup;
			children = (
				3D6D5A24263D9CDD00CB2443 /* TableViewPractice */,
				3D6D5A23263D9CDD00CB2443 /* Products */,
			);
			sourceTree = "<group>";
		};
		3D6D5A23263D9CDD00CB2443 /* Products */ = {
			isa = PBXGroup;
			children = (
				3D6D5A22263D9CDD00CB2443 /* TableViewPractice.app */,
			);
			name = Products;
			sourceTree = "<group>";
		};
		3D6D5A24263D9CDD00CB2443 /* TableViewPractice */ = {
			isa = PBXGroup;
			children = (
				3D007A79265406DA00448A33 /* AppDelegate */,
				3D6D5A29263D9CDD00CB2443 /* ViewController.swift */,
				3D6D5A2B263D9CDD00CB2443 /* Main.storyboard */,
				3D007A722653F15B00448A33 /* TableViewCarouselCollectionView */,
				3D6D5A3C263D9D8D00CB2443 /* TableViewSwipeActions */,
				3D6D5A3B263D9D7000CB2443 /* TableViewPagination */,
				3D6D5A3A263D9D6200CB2443 /* TableViewMoveAndDeleteCell */,
				3D6D5A39263D9D5600CB2443 /* TableViewCellRoundCorner */,
				3D3D75752657DA34005800D1 /* TableViewHeader */,
				3D007A7A265406FD00448A33 /* Resource */,
				3D6D5A33263D9CDE00CB2443 /* Info.plist */,
			);
			path = TableViewPractice;
			sourceTree = "<group>";
		};
		3D6D5A39263D9D5600CB2443 /* TableViewCellRoundCorner */ = {
			isa = PBXGroup;
			children = (
				3D6D5A3F263DA5F300CB2443 /* CellRoundCornerViewController.swift */,
			);
			path = TableViewCellRoundCorner;
			sourceTree = "<group>";
		};
		3D6D5A3A263D9D6200CB2443 /* TableViewMoveAndDeleteCell */ = {
			isa = PBXGroup;
			children = (
				3D6D5A41263DA6B700CB2443 /* MoveAndDeleteCellViewController.swift */,
			);
			path = TableViewMoveAndDeleteCell;
			sourceTree = "<group>";
		};
		3D6D5A3B263D9D7000CB2443 /* TableViewPagination */ = {
			isa = PBXGroup;
			children = (
				3D6D5A43263DA6C400CB2443 /* PaginationViewController.swift */,
				3D007A702653F0A500448A33 /* APICaller.swift */,
			);
			path = TableViewPagination;
			sourceTree = "<group>";
		};
		3D6D5A3C263D9D8D00CB2443 /* TableViewSwipeActions */ = {
			isa = PBXGroup;
			children = (
				3D6D5A3D263DA27200CB2443 /* SwipeActionViewController.swift */,
				3D6D5A47263DAD8000CB2443 /* Model.swift */,
			);
			path = TableViewSwipeActions;
			sourceTree = "<group>";
		};
/* End PBXGroup section */

/* Begin PBXNativeTarget section */
		3D6D5A21263D9CDD00CB2443 /* TableViewPractice */ = {
			isa = PBXNativeTarget;
			buildConfigurationList = 3D6D5A36263D9CDE00CB2443 /* Build configuration list for PBXNativeTarget "TableViewPractice" */;
			buildPhases = (
				3D6D5A1E263D9CDD00CB2443 /* Sources */,
				3D6D5A1F263D9CDD00CB2443 /* Frameworks */,
				3D6D5A20263D9CDD00CB2443 /* Resources */,
			);
			buildRules = (
			);
			dependencies = (
			);
			name = TableViewPractice;
			productName = tableViewPractice;
			productReference = 3D6D5A22263D9CDD00CB2443 /* TableViewPractice.app */;
			productType = "com.apple.product-type.application";
		};
/* End PBXNativeTarget section */

/* Begin PBXProject section */
		3D6D5A1A263D9CDD00CB2443 /* Project object */ = {
			isa = PBXProject;
			attributes = {
				LastSwiftUpdateCheck = 1250;
				LastUpgradeCheck = 1250;
				TargetAttributes = {
					3D6D5A21263D9CDD00CB2443 = {
						CreatedOnToolsVersion = 12.5;
					};
				};
			};
			buildConfigurationList = 3D6D5A1D263D9CDD00CB2443 /* Build configuration list for PBXProject "TableViewPractice" */;
			compatibilityVersion = "Xcode 9.3";
			developmentRegion = en;
			hasScannedForEncodings = 0;
			knownRegions = (
				en,
				Base,
			);
			mainGroup = 3D6D5A19263D9CDD00CB2443;
			productRefGroup = 3D6D5A23263D9CDD00CB2443 /* Products */;
			projectDirPath = "";
			projectRoot = "";
			targets = (
				3D6D5A21263D9CDD00CB2443 /* TableViewPractice */,
			);
		};
/* End PBXProject section */

/* Begin PBXResourcesBuildPhase section */
		3D6D5A20263D9CDD00CB2443 /* Resources */ = {
			isa = PBXResourcesBuildPhase;
			buildActionMask = 2147483647;
			files = (
				3D6D5A32263D9CDE00CB2443 /* LaunchScreen.storyboard in Resources */,
				3D6D5A2F263D9CDE00CB2443 /* Assets.xcassets in Resources */,
				3D6D5A2D263D9CDD00CB2443 /* Main.storyboard in Resources */,
			);
			runOnlyForDeploymentPostprocessing = 0;
		};
/* End PBXResourcesBuildPhase section */

/* Begin PBXSourcesBuildPhase section */
		3D6D5A1E263D9CDD00CB2443 /* Sources */ = {
			isa = PBXSourcesBuildPhase;
			buildActionMask = 2147483647;
			files = (
				3D6D5A48263DAD8000CB2443 /* Model.swift in Sources */,
				3D6D5A2A263D9CDD00CB2443 /* ViewController.swift in Sources */,
				3D6D5A44263DA6C400CB2443 /* PaginationViewController.swift in Sources */,
				3D6D5A40263DA5F300CB2443 /* CellRoundCornerViewController.swift in Sources */,
				3D007A742653F1BC00448A33 /* CarouselCollectionTableViewController.swift in Sources */,
				3D007A712653F0A500448A33 /* APICaller.swift in Sources */,
				3D007A762653F32B00448A33 /* CarouselCollectionTableViewCell.swift in Sources */,
				3D6D5A42263DA6B700CB2443 /* MoveAndDeleteCellViewController.swift in Sources */,
				3D6D5A26263D9CDD00CB2443 /* AppDelegate.swift in Sources */,
				3D3D75772657DA92005800D1 /* HeaderViewController.swift in Sources */,
				3D007A782653F4CB00448A33 /* TitleCollectionViewCell.swift in Sources */,
				3D6D5A28263D9CDD00CB2443 /* SceneDelegate.swift in Sources */,
				3D6D5A3E263DA27200CB2443 /* SwipeActionViewController.swift in Sources */,
			);
			runOnlyForDeploymentPostprocessing = 0;
		};
/* End PBXSourcesBuildPhase section */

/* Begin PBXVariantGroup section */
		3D6D5A2B263D9CDD00CB2443 /* Main.storyboard */ = {
			isa = PBXVariantGroup;
			children = (
				3D6D5A2C263D9CDD00CB2443 /* Base */,
			);
			name = Main.storyboard;
			sourceTree = "<group>";
		};
		3D6D5A30263D9CDE00CB2443 /* LaunchScreen.storyboard */ = {
			isa = PBXVariantGroup;
			children = (
				3D6D5A31263D9CDE00CB2443 /* Base */,
			);
			name = LaunchScreen.storyboard;
			sourceTree = "<group>";
		};
/* End PBXVariantGroup section */

/* Begin XCBuildConfiguration section */
		3D6D5A34263D9CDE00CB2443 /* Debug */ = {
			isa = XCBuildConfiguration;
			buildSettings = {
				ALWAYS_SEARCH_USER_PATHS = NO;
				CLANG_ANALYZER_NONNULL = YES;
				CLANG_ANALYZER_NUMBER_OBJECT_CONVERSION = YES_AGGRESSIVE;
				CLANG_CXX_LANGUAGE_STANDARD = "gnu++14";
				CLANG_CXX_LIBRARY = "libc++";
				CLANG_ENABLE_MODULES = YES;
				CLANG_ENABLE_OBJC_ARC = YES;
				CLANG_ENABLE_OBJC_WEAK = YES;
				CLANG_WARN_BLOCK_CAPTURE_AUTORELEASING = YES;
				CLANG_WARN_BOOL_CONVERSION = YES;
				CLANG_WARN_COMMA = YES;
				CLANG_WARN_CONSTANT_CONVERSION = YES;
				CLANG_WARN_DEPRECATED_OBJC_IMPLEMENTATIONS = YES;
				CLANG_WARN_DIRECT_OBJC_ISA_USAGE = YES_ERROR;
				CLANG_WARN_DOCUMENTATION_COMMENTS = YES;
				CLANG_WARN_EMPTY_BODY = YES;
				CLANG_WARN_ENUM_CONVERSION = YES;
				CLANG_WARN_INFINITE_RECURSION = YES;
				CLANG_WARN_INT_CONVERSION = YES;
				CLANG_WARN_NON_LITERAL_NULL_CONVERSION = YES;
				CLANG_WARN_OBJC_IMPLICIT_RETAIN_SELF = YES;
				CLANG_WARN_OBJC_LITERAL_CONVERSION = YES;
				CLANG_WARN_OBJC_ROOT_CLASS = YES_ERROR;
				CLANG_WARN_QUOTED_INCLUDE_IN_FRAMEWORK_HEADER = YES;
				CLANG_WARN_RANGE_LOOP_ANALYSIS = YES;
				CLANG_WARN_STRICT_PROTOTYPES = YES;
				CLANG_WARN_SUSPICIOUS_MOVE = YES;
				CLANG_WARN_UNGUARDED_AVAILABILITY = YES_AGGRESSIVE;
				CLANG_WARN_UNREACHABLE_CODE = YES;
				CLANG_WARN__DUPLICATE_METHOD_MATCH = YES;
				COPY_PHASE_STRIP = NO;
				DEBUG_INFORMATION_FORMAT = dwarf;
				ENABLE_STRICT_OBJC_MSGSEND = YES;
				ENABLE_TESTABILITY = YES;
				GCC_C_LANGUAGE_STANDARD = gnu11;
				GCC_DYNAMIC_NO_PIC = NO;
				GCC_NO_COMMON_BLOCKS = YES;
				GCC_OPTIMIZATION_LEVEL = 0;
				GCC_PREPROCESSOR_DEFINITIONS = (
					"DEBUG=1",
					"$(inherited)",
				);
				GCC_WARN_64_TO_32_BIT_CONVERSION = YES;
				GCC_WARN_ABOUT_RETURN_TYPE = YES_ERROR;
				GCC_WARN_UNDECLARED_SELECTOR = YES;
				GCC_WARN_UNINITIALIZED_AUTOS = YES_AGGRESSIVE;
				GCC_WARN_UNUSED_FUNCTION = YES;
				GCC_WARN_UNUSED_VARIABLE = YES;
				IPHONEOS_DEPLOYMENT_TARGET = 14.5;
				MTL_ENABLE_DEBUG_INFO = INCLUDE_SOURCE;
				MTL_FAST_MATH = YES;
				ONLY_ACTIVE_ARCH = YES;
				SDKROOT = iphoneos;
				SWIFT_ACTIVE_COMPILATION_CONDITIONS = DEBUG;
				SWIFT_OPTIMIZATION_LEVEL = "-Onone";
			};
			name = Debug;
		};
		3D6D5A35263D9CDE00CB2443 /* Release */ = {
			isa = XCBuildConfiguration;
			buildSettings = {
				ALWAYS_SEARCH_USER_PATHS = NO;
				CLANG_ANALYZER_NONNULL = YES;
				CLANG_ANALYZER_NUMBER_OBJECT_CONVERSION = YES_AGGRESSIVE;
				CLANG_CXX_LANGUAGE_STANDARD = "gnu++14";
				CLANG_CXX_LIBRARY = "libc++";
				CLANG_ENABLE_MODULES = YES;
				CLANG_ENABLE_OBJC_ARC = YES;
				CLANG_ENABLE_OBJC_WEAK = YES;
				CLANG_WARN_BLOCK_CAPTURE_AUTORELEASING = YES;
				CLANG_WARN_BOOL_CONVERSION = YES;
				CLANG_WARN_COMMA = YES;
				CLANG_WARN_CONSTANT_CONVERSION = YES;
				CLANG_WARN_DEPRECATED_OBJC_IMPLEMENTATIONS = YES;
				CLANG_WARN_DIRECT_OBJC_ISA_USAGE = YES_ERROR;
				CLANG_WARN_DOCUMENTATION_COMMENTS = YES;
				CLANG_WARN_EMPTY_BODY = YES;
				CLANG_WARN_ENUM_CONVERSION = YES;
				CLANG_WARN_INFINITE_RECURSION = YES;
				CLANG_WARN_INT_CONVERSION = YES;
				CLANG_WARN_NON_LITERAL_NULL_CONVERSION = YES;
				CLANG_WARN_OBJC_IMPLICIT_RETAIN_SELF = YES;
				CLANG_WARN_OBJC_LITERAL_CONVERSION = YES;
				CLANG_WARN_OBJC_ROOT_CLASS = YES_ERROR;
				CLANG_WARN_QUOTED_INCLUDE_IN_FRAMEWORK_HEADER = YES;
				CLANG_WARN_RANGE_LOOP_ANALYSIS = YES;
				CLANG_WARN_STRICT_PROTOTYPES = YES;
				CLANG_WARN_SUSPICIOUS_MOVE = YES;
				CLANG_WARN_UNGUARDED_AVAILABILITY = YES_AGGRESSIVE;
				CLANG_WARN_UNREACHABLE_CODE = YES;
				CLANG_WARN__DUPLICATE_METHOD_MATCH = YES;
				COPY_PHASE_STRIP = NO;
				DEBUG_INFORMATION_FORMAT = "dwarf-with-dsym";
				ENABLE_NS_ASSERTIONS = NO;
				ENABLE_STRICT_OBJC_MSGSEND = YES;
				GCC_C_LANGUAGE_STANDARD = gnu11;
				GCC_NO_COMMON_BLOCKS = YES;
				GCC_WARN_64_TO_32_BIT_CONVERSION = YES;
				GCC_WARN_ABOUT_RETURN_TYPE = YES_ERROR;
				GCC_WARN_UNDECLARED_SELECTOR = YES;
				GCC_WARN_UNINITIALIZED_AUTOS = YES_AGGRESSIVE;
				GCC_WARN_UNUSED_FUNCTION = YES;
				GCC_WARN_UNUSED_VARIABLE = YES;
				IPHONEOS_DEPLOYMENT_TARGET = 14.5;
				MTL_ENABLE_DEBUG_INFO = NO;
				MTL_FAST_MATH = YES;
				SDKROOT = iphoneos;
				SWIFT_COMPILATION_MODE = wholemodule;
				SWIFT_OPTIMIZATION_LEVEL = "-O";
				VALIDATE_PRODUCT = YES;
			};
			name = Release;
		};
		3D6D5A37263D9CDE00CB2443 /* Debug */ = {
			isa = XCBuildConfiguration;
			buildSettings = {
				ASSETCATALOG_COMPILER_APPICON_NAME = AppIcon;
				ASSETCATALOG_COMPILER_GLOBAL_ACCENT_COLOR_NAME = AccentColor;
				CODE_SIGN_STYLE = Automatic;
				DEVELOPMENT_TEAM = YUHDTGAY33;
				INFOPLIST_FILE = tableViewPractice/Info.plist;
				LD_RUNPATH_SEARCH_PATHS = (
					"$(inherited)",
					"@executable_path/Frameworks",
				);
				PRODUCT_BUNDLE_IDENTIFIER = hongjeongseob.tableViewPractice;
				PRODUCT_NAME = "$(TARGET_NAME)";
				SWIFT_VERSION = 5.0;
				TARGETED_DEVICE_FAMILY = "1,2";
			};
			name = Debug;
		};
		3D6D5A38263D9CDE00CB2443 /* Release */ = {
			isa = XCBuildConfiguration;
			buildSettings = {
				ASSETCATALOG_COMPILER_APPICON_NAME = AppIcon;
				ASSETCATALOG_COMPILER_GLOBAL_ACCENT_COLOR_NAME = AccentColor;
				CODE_SIGN_STYLE = Automatic;
				DEVELOPMENT_TEAM = YUHDTGAY33;
				INFOPLIST_FILE = tableViewPractice/Info.plist;
				LD_RUNPATH_SEARCH_PATHS = (
					"$(inherited)",
					"@executable_path/Frameworks",
				);
				PRODUCT_BUNDLE_IDENTIFIER = hongjeongseob.tableViewPractic;
				PRODUCT_NAME = "$(TARGET_NAME)";
				SWIFT_VERSION = 5.0;
				TARGETED_DEVICE_FAMILY = "1,2";
			};
			name = Release;
		};
/* End XCBuildConfiguration section */

/* Begin XCConfigurationList section */
		3D6D5A1D263D9CDD00CB2443 /* Build configuration list for PBXProject "TableViewPractice" */ = {
			isa = XCConfigurationList;
			buildConfigurations = (
				3D6D5A34263D9CDE00CB2443 /* Debug */,
				3D6D5A35263D9CDE00CB2443 /* Release */,
			);
			defaultConfigurationIsVisible = 0;
			defaultConfigurationName = Release;
		};
		3D6D5A36263D9CDE00CB2443 /* Build configuration list for PBXNativeTarget "TableViewPractice" */ = {
			isa = XCConfigurationList;
			buildConfigurations = (
				3D6D5A37263D9CDE00CB2443 /* Debug */,
				3D6D5A38263D9CDE00CB2443 /* Release */,
			);
			defaultConfigurationIsVisible = 0;
			defaultConfigurationName = Release;
		};
/* End XCConfigurationList section */
	};
	rootObject = 3D6D5A1A263D9CDD00CB2443 /* Project object */;
}
